// !$*UTF8*$!
{
	archiveVersion = 1;
	classes = {
	};
	objectVersion = 55;
	objects = {

/* Begin PBXBuildFile section */
		176955692858699A00FD86A3 /* RestartApp.swift in Sources */ = {isa = PBXBuildFile; fileRef = 176955682858699A00FD86A3 /* RestartApp.swift */; };
		1769556B2858699A00FD86A3 /* ContentView.swift in Sources */ = {isa = PBXBuildFile; fileRef = 1769556A2858699A00FD86A3 /* ContentView.swift */; };
		1769556D2858699C00FD86A3 /* Assets.xcassets in Resources */ = {isa = PBXBuildFile; fileRef = 1769556C2858699C00FD86A3 /* Assets.xcassets */; };
		176955702858699C00FD86A3 /* Preview Assets.xcassets in Resources */ = {isa = PBXBuildFile; fileRef = 1769556F2858699C00FD86A3 /* Preview Assets.xcassets */; };
		1769557A2858699C00FD86A3 /* RestartTests.swift in Sources */ = {isa = PBXBuildFile; fileRef = 176955792858699C00FD86A3 /* RestartTests.swift */; };
		176955842858699C00FD86A3 /* RestartUITests.swift in Sources */ = {isa = PBXBuildFile; fileRef = 176955832858699C00FD86A3 /* RestartUITests.swift */; };
		176955862858699C00FD86A3 /* RestartUITestsLaunchTests.swift in Sources */ = {isa = PBXBuildFile; fileRef = 176955852858699C00FD86A3 /* RestartUITestsLaunchTests.swift */; };
		176955942858725000FD86A3 /* success.m4a in Resources */ = {isa = PBXBuildFile; fileRef = 176955922858725000FD86A3 /* success.m4a */; };
		176955952858725000FD86A3 /* chimeup.mp3 in Resources */ = {isa = PBXBuildFile; fileRef = 176955932858725000FD86A3 /* chimeup.mp3 */; };
		1769559C28587D6100FD86A3 /* OnboardingView.swift in Sources */ = {isa = PBXBuildFile; fileRef = 1769559B28587D6100FD86A3 /* OnboardingView.swift */; };
		1769559E28587D7400FD86A3 /* HomeView.swift in Sources */ = {isa = PBXBuildFile; fileRef = 1769559D28587D7400FD86A3 /* HomeView.swift */; };
/* End PBXBuildFile section */

/* Begin PBXContainerItemProxy section */
		176955762858699C00FD86A3 /* PBXContainerItemProxy */ = {
			isa = PBXContainerItemProxy;
			containerPortal = 1769555D2858699A00FD86A3 /* Project object */;
			proxyType = 1;
			remoteGlobalIDString = 176955642858699A00FD86A3;
			remoteInfo = Restart;
		};
		176955802858699C00FD86A3 /* PBXContainerItemProxy */ = {
			isa = PBXContainerItemProxy;
			containerPortal = 1769555D2858699A00FD86A3 /* Project object */;
			proxyType = 1;
			remoteGlobalIDString = 176955642858699A00FD86A3;
			remoteInfo = Restart;
		};
/* End PBXContainerItemProxy section */

/* Begin PBXFileReference section */
		176955652858699A00FD86A3 /* Restart.app */ = {isa = PBXFileReference; explicitFileType = wrapper.application; includeInIndex = 0; path = Restart.app; sourceTree = BUILT_PRODUCTS_DIR; };
		176955682858699A00FD86A3 /* RestartApp.swift */ = {isa = PBXFileReference; lastKnownFileType = sourcecode.swift; path = RestartApp.swift; sourceTree = "<group>"; };
		1769556A2858699A00FD86A3 /* ContentView.swift */ = {isa = PBXFileReference; lastKnownFileType = sourcecode.swift; path = ContentView.swift; sourceTree = "<group>"; };
		1769556C2858699C00FD86A3 /* Assets.xcassets */ = {isa = PBXFileReference; lastKnownFileType = folder.assetcatalog; path = Assets.xcassets; sourceTree = "<group>"; };
		1769556F2858699C00FD86A3 /* Preview Assets.xcassets */ = {isa = PBXFileReference; lastKnownFileType = folder.assetcatalog; path = "Preview Assets.xcassets"; sourceTree = "<group>"; };
		176955752858699C00FD86A3 /* RestartTests.xctest */ = {isa = PBXFileReference; explicitFileType = wrapper.cfbundle; includeInIndex = 0; path = RestartTests.xctest; sourceTree = BUILT_PRODUCTS_DIR; };
		176955792858699C00FD86A3 /* RestartTests.swift */ = {isa = PBXFileReference; lastKnownFileType = sourcecode.swift; path = RestartTests.swift; sourceTree = "<group>"; };
		1769557F2858699C00FD86A3 /* RestartUITests.xctest */ = {isa = PBXFileReference; explicitFileType = wrapper.cfbundle; includeInIndex = 0; path = RestartUITests.xctest; sourceTree = BUILT_PRODUCTS_DIR; };
		176955832858699C00FD86A3 /* RestartUITests.swift */ = {isa = PBXFileReference; lastKnownFileType = sourcecode.swift; path = RestartUITests.swift; sourceTree = "<group>"; };
		176955852858699C00FD86A3 /* RestartUITestsLaunchTests.swift */ = {isa = PBXFileReference; lastKnownFileType = sourcecode.swift; path = RestartUITestsLaunchTests.swift; sourceTree = "<group>"; };
		176955922858725000FD86A3 /* success.m4a */ = {isa = PBXFileReference; lastKnownFileType = file; path = success.m4a; sourceTree = "<group>"; };
		176955932858725000FD86A3 /* chimeup.mp3 */ = {isa = PBXFileReference; lastKnownFileType = audio.mp3; path = chimeup.mp3; sourceTree = "<group>"; };
		1769559A28587C7900FD86A3 /* Info.plist */ = {isa = PBXFileReference; lastKnownFileType = text.plist; path = Info.plist; sourceTree = "<group>"; };
		1769559B28587D6100FD86A3 /* OnboardingView.swift */ = {isa = PBXFileReference; lastKnownFileType = sourcecode.swift; path = OnboardingView.swift; sourceTree = "<group>"; };
		1769559D28587D7400FD86A3 /* HomeView.swift */ = {isa = PBXFileReference; lastKnownFileType = sourcecode.swift; path = HomeView.swift; sourceTree = "<group>"; };
/* End PBXFileReference section */

/* Begin PBXFrameworksBuildPhase section */
		176955622858699A00FD86A3 /* Frameworks */ = {
			isa = PBXFrameworksBuildPhase;
			buildActionMask = 2147483647;
			files = (
			);
			runOnlyForDeploymentPostprocessing = 0;
		};
		176955722858699C00FD86A3 /* Frameworks */ = {
			isa = PBXFrameworksBuildPhase;
			buildActionMask = 2147483647;
			files = (
			);
			runOnlyForDeploymentPostprocessing = 0;
		};
		1769557C2858699C00FD86A3 /* Frameworks */ = {
			isa = PBXFrameworksBuildPhase;
			buildActionMask = 2147483647;
			files = (
			);
			runOnlyForDeploymentPostprocessing = 0;
		};
/* End PBXFrameworksBuildPhase section */

/* Begin PBXGroup section */
		1769555C2858699A00FD86A3 = {
			isa = PBXGroup;
			children = (
				176955672858699A00FD86A3 /* Restart */,
				176955782858699C00FD86A3 /* RestartTests */,
				176955822858699C00FD86A3 /* RestartUITests */,
				176955662858699A00FD86A3 /* Products */,
			);
			sourceTree = "<group>";
		};
		176955662858699A00FD86A3 /* Products */ = {
			isa = PBXGroup;
			children = (
				176955652858699A00FD86A3 /* Restart.app */,
				176955752858699C00FD86A3 /* RestartTests.xctest */,
				1769557F2858699C00FD86A3 /* RestartUITests.xctest */,
			);
			name = Products;
			sourceTree = "<group>";
		};
		176955672858699A00FD86A3 /* Restart */ = {
			isa = PBXGroup;
			children = (
				1769559A28587C7900FD86A3 /* Info.plist */,
				176955992858767D00FD86A3 /* Utilities */,
				176955982858758600FD86A3 /* Views */,
				176955962858726800FD86A3 /* Sounds */,
				176955682858699A00FD86A3 /* RestartApp.swift */,
				17695597285874A100FD86A3 /* Screens */,
				1769556C2858699C00FD86A3 /* Assets.xcassets */,
				1769556E2858699C00FD86A3 /* Preview Content */,
			);
			path = Restart;
			sourceTree = "<group>";
		};
		1769556E2858699C00FD86A3 /* Preview Content */ = {
			isa = PBXGroup;
			children = (
				1769556F2858699C00FD86A3 /* Preview Assets.xcassets */,
			);
			path = "Preview Content";
			sourceTree = "<group>";
		};
		176955782858699C00FD86A3 /* RestartTests */ = {
			isa = PBXGroup;
			children = (
				176955792858699C00FD86A3 /* RestartTests.swift */,
			);
			path = RestartTests;
			sourceTree = "<group>";
		};
		176955822858699C00FD86A3 /* RestartUITests */ = {
			isa = PBXGroup;
			children = (
				176955832858699C00FD86A3 /* RestartUITests.swift */,
				176955852858699C00FD86A3 /* RestartUITestsLaunchTests.swift */,
			);
			path = RestartUITests;
			sourceTree = "<group>";
		};
		176955962858726800FD86A3 /* Sounds */ = {
			isa = PBXGroup;
			children = (
				176955932858725000FD86A3 /* chimeup.mp3 */,
				176955922858725000FD86A3 /* success.m4a */,
			);
			path = Sounds;
			sourceTree = "<group>";
		};
		17695597285874A100FD86A3 /* Screens */ = {
			isa = PBXGroup;
			children = (
				1769556A2858699A00FD86A3 /* ContentView.swift */,
				1769559B28587D6100FD86A3 /* OnboardingView.swift */,
				1769559D28587D7400FD86A3 /* HomeView.swift */,
			);
			path = Screens;
			sourceTree = "<group>";
		};
		176955982858758600FD86A3 /* Views */ = {
			isa = PBXGroup;
			children = (
			);
			path = Views;
			sourceTree = "<group>";
		};
		176955992858767D00FD86A3 /* Utilities */ = {
			isa = PBXGroup;
			children = (
			);
			path = Utilities;
			sourceTree = "<group>";
		};
/* End PBXGroup section */

/* Begin PBXNativeTarget section */
		176955642858699A00FD86A3 /* Restart */ = {
			isa = PBXNativeTarget;
			buildConfigurationList = 176955892858699C00FD86A3 /* Build configuration list for PBXNativeTarget "Restart" */;
			buildPhases = (
				176955612858699A00FD86A3 /* Sources */,
				176955622858699A00FD86A3 /* Frameworks */,
				176955632858699A00FD86A3 /* Resources */,
			);
			buildRules = (
			);
			dependencies = (
			);
			name = Restart;
			productName = Restart;
			productReference = 176955652858699A00FD86A3 /* Restart.app */;
			productType = "com.apple.product-type.application";
		};
		176955742858699C00FD86A3 /* RestartTests */ = {
			isa = PBXNativeTarget;
			buildConfigurationList = 1769558C2858699C00FD86A3 /* Build configuration list for PBXNativeTarget "RestartTests" */;
			buildPhases = (
				176955712858699C00FD86A3 /* Sources */,
				176955722858699C00FD86A3 /* Frameworks */,
				176955732858699C00FD86A3 /* Resources */,
			);
			buildRules = (
			);
			dependencies = (
				176955772858699C00FD86A3 /* PBXTargetDependency */,
			);
			name = RestartTests;
			productName = RestartTests;
			productReference = 176955752858699C00FD86A3 /* RestartTests.xctest */;
			productType = "com.apple.product-type.bundle.unit-test";
		};
		1769557E2858699C00FD86A3 /* RestartUITests */ = {
			isa = PBXNativeTarget;
			buildConfigurationList = 1769558F2858699C00FD86A3 /* Build configuration list for PBXNativeTarget "RestartUITests" */;
			buildPhases = (
				1769557B2858699C00FD86A3 /* Sources */,
				1769557C2858699C00FD86A3 /* Frameworks */,
				1769557D2858699C00FD86A3 /* Resources */,
			);
			buildRules = (
			);
			dependencies = (
				176955812858699C00FD86A3 /* PBXTargetDependency */,
			);
			name = RestartUITests;
			productName = RestartUITests;
			productReference = 1769557F2858699C00FD86A3 /* RestartUITests.xctest */;
			productType = "com.apple.product-type.bundle.ui-testing";
		};
/* End PBXNativeTarget section */

/* Begin PBXProject section */
		1769555D2858699A00FD86A3 /* Project object */ = {
			isa = PBXProject;
			attributes = {
				BuildIndependentTargetsInParallel = 1;
				LastSwiftUpdateCheck = 1340;
				LastUpgradeCheck = 1340;
				TargetAttributes = {
					176955642858699A00FD86A3 = {
						CreatedOnToolsVersion = 13.4;
					};
					176955742858699C00FD86A3 = {
						CreatedOnToolsVersion = 13.4;
						TestTargetID = 176955642858699A00FD86A3;
					};
					1769557E2858699C00FD86A3 = {
						CreatedOnToolsVersion = 13.4;
						TestTargetID = 176955642858699A00FD86A3;
					};
				};
			};
			buildConfigurationList = 176955602858699A00FD86A3 /* Build configuration list for PBXProject "Restart" */;
			compatibilityVersion = "Xcode 13.0";
			developmentRegion = en;
			hasScannedForEncodings = 0;
			knownRegions = (
				en,
				Base,
			);
			mainGroup = 1769555C2858699A00FD86A3;
			productRefGroup = 176955662858699A00FD86A3 /* Products */;
			projectDirPath = "";
			projectRoot = "";
			targets = (
				176955642858699A00FD86A3 /* Restart */,
				176955742858699C00FD86A3 /* RestartTests */,
				1769557E2858699C00FD86A3 /* RestartUITests */,
			);
		};
/* End PBXProject section */

/* Begin PBXResourcesBuildPhase section */
		176955632858699A00FD86A3 /* Resources */ = {
			isa = PBXResourcesBuildPhase;
			buildActionMask = 2147483647;
			files = (
				176955952858725000FD86A3 /* chimeup.mp3 in Resources */,
				176955702858699C00FD86A3 /* Preview Assets.xcassets in Resources */,
				176955942858725000FD86A3 /* success.m4a in Resources */,
				1769556D2858699C00FD86A3 /* Assets.xcassets in Resources */,
			);
			runOnlyForDeploymentPostprocessing = 0;
		};
		176955732858699C00FD86A3 /* Resources */ = {
			isa = PBXResourcesBuildPhase;
			buildActionMask = 2147483647;
			files = (
			);
			runOnlyForDeploymentPostprocessing = 0;
		};
		1769557D2858699C00FD86A3 /* Resources */ = {
			isa = PBXResourcesBuildPhase;
			buildActionMask = 2147483647;
			files = (
			);
			runOnlyForDeploymentPostprocessing = 0;
		};
/* End PBXResourcesBuildPhase section */

/* Begin PBXSourcesBuildPhase section */
		176955612858699A00FD86A3 /* Sources */ = {
			isa = PBXSourcesBuildPhase;
			buildActionMask = 2147483647;
			files = (
				1769559C28587D6100FD86A3 /* OnboardingView.swift in Sources */,
				1769559E28587D7400FD86A3 /* HomeView.swift in Sources */,
				1769556B2858699A00FD86A3 /* ContentView.swift in Sources */,
				176955692858699A00FD86A3 /* RestartApp.swift in Sources */,
			);
			runOnlyForDeploymentPostprocessing = 0;
		};
		176955712858699C00FD86A3 /* Sources */ = {
			isa = PBXSourcesBuildPhase;
			buildActionMask = 2147483647;
			files = (
				1769557A2858699C00FD86A3 /* RestartTests.swift in Sources */,
			);
			runOnlyForDeploymentPostprocessing = 0;
		};
		1769557B2858699C00FD86A3 /* Sources */ = {
			isa = PBXSourcesBuildPhase;
			buildActionMask = 2147483647;
			files = (
				176955862858699C00FD86A3 /* RestartUITestsLaunchTests.swift in Sources */,
				176955842858699C00FD86A3 /* RestartUITests.swift in Sources */,
			);
			runOnlyForDeploymentPostprocessing = 0;
		};
/* End PBXSourcesBuildPhase section */

/* Begin PBXTargetDependency section */
		176955772858699C00FD86A3 /* PBXTargetDependency */ = {
			isa = PBXTargetDependency;
			target = 176955642858699A00FD86A3 /* Restart */;
			targetProxy = 176955762858699C00FD86A3 /* PBXContainerItemProxy */;
		};
		176955812858699C00FD86A3 /* PBXTargetDependency */ = {
			isa = PBXTargetDependency;
			target = 176955642858699A00FD86A3 /* Restart */;
			targetProxy = 176955802858699C00FD86A3 /* PBXContainerItemProxy */;
		};
/* End PBXTargetDependency section */

/* Begin XCBuildConfiguration section */
		176955872858699C00FD86A3 /* Debug */ = {
			isa = XCBuildConfiguration;
			buildSettings = {
				ALWAYS_SEARCH_USER_PATHS = NO;
				CLANG_ANALYZER_NONNULL = YES;
				CLANG_ANALYZER_NUMBER_OBJECT_CONVERSION = YES_AGGRESSIVE;
				CLANG_CXX_LANGUAGE_STANDARD = "gnu++17";
				CLANG_ENABLE_MODULES = YES;
				CLANG_ENABLE_OBJC_ARC = YES;
				CLANG_ENABLE_OBJC_WEAK = YES;
				CLANG_WARN_BLOCK_CAPTURE_AUTORELEASING = YES;
				CLANG_WARN_BOOL_CONVERSION = YES;
				CLANG_WARN_COMMA = YES;
				CLANG_WARN_CONSTANT_CONVERSION = YES;
				CLANG_WARN_DEPRECATED_OBJC_IMPLEMENTATIONS = YES;
				CLANG_WARN_DIRECT_OBJC_ISA_USAGE = YES_ERROR;
				CLANG_WARN_DOCUMENTATION_COMMENTS = YES;
				CLANG_WARN_EMPTY_BODY = YES;
				CLANG_WARN_ENUM_CONVERSION = YES;
				CLANG_WARN_INFINITE_RECURSION = YES;
				CLANG_WARN_INT_CONVERSION = YES;
				CLANG_WARN_NON_LITERAL_NULL_CONVERSION = YES;
				CLANG_WARN_OBJC_IMPLICIT_RETAIN_SELF = YES;
				CLANG_WARN_OBJC_LITERAL_CONVERSION = YES;
				CLANG_WARN_OBJC_ROOT_CLASS = YES_ERROR;
				CLANG_WARN_QUOTED_INCLUDE_IN_FRAMEWORK_HEADER = YES;
				CLANG_WARN_RANGE_LOOP_ANALYSIS = YES;
				CLANG_WARN_STRICT_PROTOTYPES = YES;
				CLANG_WARN_SUSPICIOUS_MOVE = YES;
				CLANG_WARN_UNGUARDED_AVAILABILITY = YES_AGGRESSIVE;
				CLANG_WARN_UNREACHABLE_CODE = YES;
				CLANG_WARN__DUPLICATE_METHOD_MATCH = YES;
				COPY_PHASE_STRIP = NO;
				DEBUG_INFORMATION_FORMAT = dwarf;
				ENABLE_STRICT_OBJC_MSGSEND = YES;
				ENABLE_TESTABILITY = YES;
				GCC_C_LANGUAGE_STANDARD = gnu11;
				GCC_DYNAMIC_NO_PIC = NO;
				GCC_NO_COMMON_BLOCKS = YES;
				GCC_OPTIMIZATION_LEVEL = 0;
				GCC_PREPROCESSOR_DEFINITIONS = (
					"DEBUG=1",
					"$(inherited)",
				);
				GCC_WARN_64_TO_32_BIT_CONVERSION = YES;
				GCC_WARN_ABOUT_RETURN_TYPE = YES_ERROR;
				GCC_WARN_UNDECLARED_SELECTOR = YES;
				GCC_WARN_UNINITIALIZED_AUTOS = YES_AGGRESSIVE;
				GCC_WARN_UNUSED_FUNCTION = YES;
				GCC_WARN_UNUSED_VARIABLE = YES;
				IPHONEOS_DEPLOYMENT_TARGET = 15.5;
				MTL_ENABLE_DEBUG_INFO = INCLUDE_SOURCE;
				MTL_FAST_MATH = YES;
				ONLY_ACTIVE_ARCH = YES;
				SDKROOT = iphoneos;
				SWIFT_ACTIVE_COMPILATION_CONDITIONS = DEBUG;
				SWIFT_OPTIMIZATION_LEVEL = "-Onone";
			};
			name = Debug;
		};
		176955882858699C00FD86A3 /* Release */ = {
			isa = XCBuildConfiguration;
			buildSettings = {
				ALWAYS_SEARCH_USER_PATHS = NO;
				CLANG_ANALYZER_NONNULL = YES;
				CLANG_ANALYZER_NUMBER_OBJECT_CONVERSION = YES_AGGRESSIVE;
				CLANG_CXX_LANGUAGE_STANDARD = "gnu++17";
				CLANG_ENABLE_MODULES = YES;
				CLANG_ENABLE_OBJC_ARC = YES;
				CLANG_ENABLE_OBJC_WEAK = YES;
				CLANG_WARN_BLOCK_CAPTURE_AUTORELEASING = YES;
				CLANG_WARN_BOOL_CONVERSION = YES;
				CLANG_WARN_COMMA = YES;
				CLANG_WARN_CONSTANT_CONVERSION = YES;
				CLANG_WARN_DEPRECATED_OBJC_IMPLEMENTATIONS = YES;
				CLANG_WARN_DIRECT_OBJC_ISA_USAGE = YES_ERROR;
				CLANG_WARN_DOCUMENTATION_COMMENTS = YES;
				CLANG_WARN_EMPTY_BODY = YES;
				CLANG_WARN_ENUM_CONVERSION = YES;
				CLANG_WARN_INFINITE_RECURSION = YES;
				CLANG_WARN_INT_CONVERSION = YES;
				CLANG_WARN_NON_LITERAL_NULL_CONVERSION = YES;
				CLANG_WARN_OBJC_IMPLICIT_RETAIN_SELF = YES;
				CLANG_WARN_OBJC_LITERAL_CONVERSION = YES;
				CLANG_WARN_OBJC_ROOT_CLASS = YES_ERROR;
				CLANG_WARN_QUOTED_INCLUDE_IN_FRAMEWORK_HEADER = YES;
				CLANG_WARN_RANGE_LOOP_ANALYSIS = YES;
				CLANG_WARN_STRICT_PROTOTYPES = YES;
				CLANG_WARN_SUSPICIOUS_MOVE = YES;
				CLANG_WARN_UNGUARDED_AVAILABILITY = YES_AGGRESSIVE;
				CLANG_WARN_UNREACHABLE_CODE = YES;
				CLANG_WARN__DUPLICATE_METHOD_MATCH = YES;
				COPY_PHASE_STRIP = NO;
				DEBUG_INFORMATION_FORMAT = "dwarf-with-dsym";
				ENABLE_NS_ASSERTIONS = NO;
				ENABLE_STRICT_OBJC_MSGSEND = YES;
				GCC_C_LANGUAGE_STANDARD = gnu11;
				GCC_NO_COMMON_BLOCKS = YES;
				GCC_WARN_64_TO_32_BIT_CONVERSION = YES;
				GCC_WARN_ABOUT_RETURN_TYPE = YES_ERROR;
				GCC_WARN_UNDECLARED_SELECTOR = YES;
				GCC_WARN_UNINITIALIZED_AUTOS = YES_AGGRESSIVE;
				GCC_WARN_UNUSED_FUNCTION = YES;
				GCC_WARN_UNUSED_VARIABLE = YES;
				IPHONEOS_DEPLOYMENT_TARGET = 15.5;
				MTL_ENABLE_DEBUG_INFO = NO;
				MTL_FAST_MATH = YES;
				SDKROOT = iphoneos;
				SWIFT_COMPILATION_MODE = wholemodule;
				SWIFT_OPTIMIZATION_LEVEL = "-O";
				VALIDATE_PRODUCT = YES;
			};
			name = Release;
		};
		1769558A2858699C00FD86A3 /* Debug */ = {
			isa = XCBuildConfiguration;
			buildSettings = {
				ASSETCATALOG_COMPILER_APPICON_NAME = AppIcon;
				ASSETCATALOG_COMPILER_GLOBAL_ACCENT_COLOR_NAME = AccentColor;
				CODE_SIGN_STYLE = Automatic;
				CURRENT_PROJECT_VERSION = 1;
				DEVELOPMENT_ASSET_PATHS = "\"Restart/Preview Content\"";
				DEVELOPMENT_TEAM = 7M75J76A5G;
				ENABLE_PREVIEWS = YES;
				GENERATE_INFOPLIST_FILE = YES;
				INFOPLIST_FILE = Restart/Info.plist;
				INFOPLIST_KEY_UIApplicationSceneManifest_Generation = YES;
				INFOPLIST_KEY_UIApplicationSupportsIndirectInputEvents = YES;
				INFOPLIST_KEY_UISupportedInterfaceOrientations = UIInterfaceOrientationPortrait;
				INFOPLIST_KEY_UISupportedInterfaceOrientations_iPad = "UIInterfaceOrientationPortrait UIInterfaceOrientationPortraitUpsideDown UIInterfaceOrientationLandscapeLeft UIInterfaceOrientationLandscapeRight";
				INFOPLIST_KEY_UISupportedInterfaceOrientations_iPhone = UIInterfaceOrientationPortrait;
				LD_RUNPATH_SEARCH_PATHS = (
					"$(inherited)",
					"@executable_path/Frameworks",
				);
				MARKETING_VERSION = 1.0;
				PRODUCT_BUNDLE_IDENTIFIER = com.corsenp.Restart;
				PRODUCT_NAME = "$(TARGET_NAME)";
				SWIFT_EMIT_LOC_STRINGS = YES;
				SWIFT_VERSION = 5.0;
				TARGETED_DEVICE_FAMILY = "1,2";
			};
			name = Debug;
		};
		1769558B2858699C00FD86A3 /* Release */ = {
			isa = XCBuildConfiguration;
			buildSettings = {
				ASSETCATALOG_COMPILER_APPICON_NAME = AppIcon;
				ASSETCATALOG_COMPILER_GLOBAL_ACCENT_COLOR_NAME = AccentColor;
				CODE_SIGN_STYLE = Automatic;
				CURRENT_PROJECT_VERSION = 1;
				DEVELOPMENT_ASSET_PATHS = "\"Restart/Preview Content\"";
				DEVELOPMENT_TEAM = 7M75J76A5G;
				ENABLE_PREVIEWS = YES;
				GENERATE_INFOPLIST_FILE = YES;
				INFOPLIST_FILE = Restart/Info.plist;
				INFOPLIST_KEY_UIApplicationSceneManifest_Generation = YES;
				INFOPLIST_KEY_UIApplicationSupportsIndirectInputEvents = YES;
				INFOPLIST_KEY_UISupportedInterfaceOrientations = UIInterfaceOrientationPortrait;
				INFOPLIST_KEY_UISupportedInterfaceOrientations_iPad = "UIInterfaceOrientationPortrait UIInterfaceOrientationPortraitUpsideDown UIInterfaceOrientationLandscapeLeft UIInterfaceOrientationLandscapeRight";
				INFOPLIST_KEY_UISupportedInterfaceOrientations_iPhone = UIInterfaceOrientationPortrait;
				LD_RUNPATH_SEARCH_PATHS = (
					"$(inherited)",
					"@executable_path/Frameworks",
				);
				MARKETING_VERSION = 1.0;
				PRODUCT_BUNDLE_IDENTIFIER = com.corsenp.Restart;
				PRODUCT_NAME = "$(TARGET_NAME)";
				SWIFT_EMIT_LOC_STRINGS = YES;
				SWIFT_VERSION = 5.0;
				TARGETED_DEVICE_FAMILY = "1,2";
			};
			name = Release;
		};
		1769558D2858699C00FD86A3 /* Debug */ = {
			isa = XCBuildConfiguration;
			buildSettings = {
				ALWAYS_EMBED_SWIFT_STANDARD_LIBRARIES = YES;
				BUNDLE_LOADER = "$(TEST_HOST)";
				CODE_SIGN_STYLE = Automatic;
				CURRENT_PROJECT_VERSION = 1;
				DEVELOPMENT_TEAM = 7M75J76A5G;
				GENERATE_INFOPLIST_FILE = YES;
				IPHONEOS_DEPLOYMENT_TARGET = 15.5;
				MARKETING_VERSION = 1.0;
				PRODUCT_BUNDLE_IDENTIFIER = com.corsenp.RestartTests;
				PRODUCT_NAME = "$(TARGET_NAME)";
				SWIFT_EMIT_LOC_STRINGS = NO;
				SWIFT_VERSION = 5.0;
				TARGETED_DEVICE_FAMILY = "1,2";
				TEST_HOST = "$(BUILT_PRODUCTS_DIR)/Restart.app/Restart";
			};
			name = Debug;
		};
		1769558E2858699C00FD86A3 /* Release */ = {
			isa = XCBuildConfiguration;
			buildSettings = {
				ALWAYS_EMBED_SWIFT_STANDARD_LIBRARIES = YES;
				BUNDLE_LOADER = "$(TEST_HOST)";
				CODE_SIGN_STYLE = Automatic;
				CURRENT_PROJECT_VERSION = 1;
				DEVELOPMENT_TEAM = 7M75J76A5G;
				GENERATE_INFOPLIST_FILE = YES;
				IPHONEOS_DEPLOYMENT_TARGET = 15.5;
				MARKETING_VERSION = 1.0;
				PRODUCT_BUNDLE_IDENTIFIER = com.corsenp.RestartTests;
				PRODUCT_NAME = "$(TARGET_NAME)";
				SWIFT_EMIT_LOC_STRINGS = NO;
				SWIFT_VERSION = 5.0;
				TARGETED_DEVICE_FAMILY = "1,2";
				TEST_HOST = "$(BUILT_PRODUCTS_DIR)/Restart.app/Restart";
			};
			name = Release;
		};
		176955902858699C00FD86A3 /* Debug */ = {
			isa = XCBuildConfiguration;
			buildSettings = {
				ALWAYS_EMBED_SWIFT_STANDARD_LIBRARIES = YES;
				CODE_SIGN_STYLE = Automatic;
				CURRENT_PROJECT_VERSION = 1;
				DEVELOPMENT_TEAM = 7M75J76A5G;
				GENERATE_INFOPLIST_FILE = YES;
				MARKETING_VERSION = 1.0;
				PRODUCT_BUNDLE_IDENTIFIER = com.corsenp.RestartUITests;
				PRODUCT_NAME = "$(TARGET_NAME)";
				SWIFT_EMIT_LOC_STRINGS = NO;
				SWIFT_VERSION = 5.0;
				TARGETED_DEVICE_FAMILY = "1,2";
				TEST_TARGET_NAME = Restart;
			};
			name = Debug;
		};
		176955912858699C00FD86A3 /* Release */ = {
			isa = XCBuildConfiguration;
			buildSettings = {
				ALWAYS_EMBED_SWIFT_STANDARD_LIBRARIES = YES;
				CODE_SIGN_STYLE = Automatic;
				CURRENT_PROJECT_VERSION = 1;
				DEVELOPMENT_TEAM = 7M75J76A5G;
				GENERATE_INFOPLIST_FILE = YES;
				MARKETING_VERSION = 1.0;
				PRODUCT_BUNDLE_IDENTIFIER = com.corsenp.RestartUITests;
				PRODUCT_NAME = "$(TARGET_NAME)";
				SWIFT_EMIT_LOC_STRINGS = NO;
				SWIFT_VERSION = 5.0;
				TARGETED_DEVICE_FAMILY = "1,2";
				TEST_TARGET_NAME = Restart;
			};
			name = Release;
		};
/* End XCBuildConfiguration section */

/* Begin XCConfigurationList section */
		176955602858699A00FD86A3 /* Build configuration list for PBXProject "Restart" */ = {
			isa = XCConfigurationList;
			buildConfigurations = (
				176955872858699C00FD86A3 /* Debug */,
				176955882858699C00FD86A3 /* Release */,
			);
			defaultConfigurationIsVisible = 0;
			defaultConfigurationName = Release;
		};
		176955892858699C00FD86A3 /* Build configuration list for PBXNativeTarget "Restart" */ = {
			isa = XCConfigurationList;
			buildConfigurations = (
				1769558A2858699C00FD86A3 /* Debug */,
				1769558B2858699C00FD86A3 /* Release */,
			);
			defaultConfigurationIsVisible = 0;
			defaultConfigurationName = Release;
		};
		1769558C2858699C00FD86A3 /* Build configuration list for PBXNativeTarget "RestartTests" */ = {
			isa = XCConfigurationList;
			buildConfigurations = (
				1769558D2858699C00FD86A3 /* Debug */,
				1769558E2858699C00FD86A3 /* Release */,
			);
			defaultConfigurationIsVisible = 0;
			defaultConfigurationName = Release;
		};
		1769558F2858699C00FD86A3 /* Build configuration list for PBXNativeTarget "RestartUITests" */ = {
			isa = XCConfigurationList;
			buildConfigurations = (
				176955902858699C00FD86A3 /* Debug */,
				176955912858699C00FD86A3 /* Release */,
			);
			defaultConfigurationIsVisible = 0;
			defaultConfigurationName = Release;
		};
/* End XCConfigurationList section */
	};
	rootObject = 1769555D2858699A00FD86A3 /* Project object */;
}
